# 镜像 digest pin（image-lock）—— 机器维护，唯一可由 image-pin PR 修改的文件
#
# 统一镜像 digest pin 设计 v2（A′）Phase 1 —— 见 wontlost-ltd/k3s#4。
# 每个 entry 把一个受控镜像 pin 到不可变 digest，并记录该 digest 的构建来源
# （sourceSha/runId），供 verify-image-pin workflow 做 cosign 验签 + freshness 校验。
#
# 写入规则（Phase 2 起）：源仓 CI 构建+签名后开 image-pin/* PR，只改本文件。
# verify-image-pin 对每 entry 校验：
#   1. image 在 .github/image-pin/allowed-images.yaml 白名单内
#   2. cosign verify {image}@{digest} 绑定源仓 workflow 身份 + --certificate-github-workflow-sha={sourceSha}
#   3. freshness（latest-only）：sourceSha == 源仓 sourceRef 当前 HEAD（gh api，非 PR 内容）
# 全过 → auto-merge → ArgoCD selfHeal sync → 按 @digest 部署/迁移。
#
# ⚠️ 种子说明：下面的 digest 是 2026-07-09 手动读取的**当前生产** manifest-list digest，
#   但其 sourceSha 未知（aster-api deploy.yml 尚未记录源 SHA；migrate 刚在 Phase 0 补签）。
#   故 sourceSha 标 `UNVERIFIED-SEED`。**第一个真正通过 verify 的 pin** 由 Phase 2 的
#   CI PR 写入（digest+sourceSha 成对、可验签）。在 Phase 2 接通前，verify-image-pin
#   ruleset 应保持 evaluate（dry-run）而非 active，避免用种子值 fail-closed 卡死。

version: 1
images:
  - image: docker.io/wontlost/aster-api
    digest: sha256:3ddf6129d271e74585f1b89d6545c6b73a05f60801835a4cbb0498e2aa5a8823
    sourceSha: f90f334fe8d0a3e638b53f1767f1ef5bc5f82b2d # Phase 2 首个 CI PR 覆盖为真实 github.sha
    runId: "29012428575"
  - image: docker.io/wontlost/aster-cloud-migrate
    digest: sha256:94ab7fbdd30adeed98c7ff2eaaa59aa7f9344bf0c12cf904661b23816ef2d20e
    sourceSha: 3b9d1066fd41b51c6c69818ed4e4642814a31e14
    runId: "29012457715"
