# 镜像 digest pin（image-lock）—— runner 命名空间专属（S2-1a-2 Slice-2b）
#
# ★与 cloud/image-lock.yaml 分离（Fork A 拍板）：runner 镜像由 in-cluster launcher
#   在运行时启动，不属于 aster-cloud 的 kustomize build，故其 pin 落 runner-ns。
#
# 写入规则：runner 源仓 CI（aster-replay-runner-deploy.yml）构建+签名后，image-pin 步
#   传 LOCK_PATH 指向本文件，只改本文件的 runner entry（digest/sourceSha/runId）。
#   verify-image-pin 对本 entry 校验：
#     1. image 在 .github/image-pin/allowed-images.yaml 白名单内（须先加 runner 条，见 Task 4）
#     2. cosign verify {image}@{digest} 绑定源仓 workflow 身份 + sourceSha
#     3. freshness：sourceSha == 源仓 refs/heads/main 当前 HEAD
#
# ⚠️ 种子说明：下面是**占位 entry**——digest 为全零占位、sourceSha=UNVERIFIED-SEED。
#   第一个真正通过 verify 的 pin 由 Slice-2b-launch 的首个 runner CI PR 写入
#   （digest+sourceSha 成对、可验签）。在此之前 verify-image-pin 对 runner 镜像
#   应保持 evaluate（dry-run），避免用占位值 fail-closed。

version: 1
images:
  - image: docker.io/wontlost/aster-replay-runner
    digest: sha256:9b7fa87f6e486a2e53f02e9a35abfafd14c2067f5959db784cfc7ca1f6b03d55
    sourceSha: b23c5f380c6a119bf4eba97284a2927a6fe27fe3 # Slice-2b-launch 首个 CI PR 覆盖为真实 github.sha
    runId: "31780240197"
  # launcher 镜像 pin（S2-1a-2 Slice-2b-launch）——由 aster-runner-launcher-deploy.yml 的 image-pin
  #   步覆写（LOCK_PATH 指向本文件）。占位：digest 全零 + sourceSha=UNVERIFIED-SEED，
  #   首个真 pin 由 launcher 首个 CI PR 写入。★与 runner 条独立（两个不同镜像的两个 pin）。
  - image: docker.io/wontlost/aster-runner-launcher
    digest: sha256:001811b86b00232d81feddda3be89852eede1906e99ccf0c48973677274a8ad6
    sourceSha: 1e130ca8dd6f131ab2c16e110d51ca70e4baa51e # launcher 首个 CI PR 覆盖为真实 github.sha
    runId: "31792837609"
